// !$*UTF8*$!
{
	archiveVersion = 1;
	classes = {
	};
	objectVersion = 56;
	objects = {

/* Begin PBXBuildFile section */
		CDCB98592C9DE61200DF9FD3 /* GameLink_iOSApp.swift in Sources */ = {isa = PBXBuildFile; fileRef = CDCB98582C9DE61200DF9FD3 /* GameLink_iOSApp.swift */; };
		CDCB985B2C9DE61200DF9FD3 /* ChattingListView.swift in Sources */ = {isa = PBXBuildFile; fileRef = CDCB985A2C9DE61200DF9FD3 /* ChattingListView.swift */; };
		CDCB985D2C9DE61400DF9FD3 /* Assets.xcassets in Resources */ = {isa = PBXBuildFile; fileRef = CDCB985C2C9DE61400DF9FD3 /* Assets.xcassets */; };
		CDCB98612C9DE61400DF9FD3 /* Preview Assets.xcassets in Resources */ = {isa = PBXBuildFile; fileRef = CDCB98602C9DE61400DF9FD3 /* Preview Assets.xcassets */; };
		CDCB98732C9DE8E700DF9FD3 /* CombineMoya in Frameworks */ = {isa = PBXBuildFile; productRef = CDCB98722C9DE8E700DF9FD3 /* CombineMoya */; };
		CDCB98752C9DE8E700DF9FD3 /* Moya in Frameworks */ = {isa = PBXBuildFile; productRef = CDCB98742C9DE8E700DF9FD3 /* Moya */; };
		CDCB98832C9DE98000DF9FD3 /* ErrorResponse.swift in Sources */ = {isa = PBXBuildFile; fileRef = CDCB98822C9DE98000DF9FD3 /* ErrorResponse.swift */; };
		CDCB98852C9DE98E00DF9FD3 /* NetworkError.swift in Sources */ = {isa = PBXBuildFile; fileRef = CDCB98842C9DE98E00DF9FD3 /* NetworkError.swift */; };
		CDCB98872C9DE99900DF9FD3 /* NetworkResult.swift in Sources */ = {isa = PBXBuildFile; fileRef = CDCB98862C9DE99900DF9FD3 /* NetworkResult.swift */; };
		CDCB988B2C9DEA4A00DF9FD3 /* Config.swift in Sources */ = {isa = PBXBuildFile; fileRef = CDCB988A2C9DEA4A00DF9FD3 /* Config.swift */; };
		CDCB988D2C9DEA5C00DF9FD3 /* UserDefaultsWrapper.swift in Sources */ = {isa = PBXBuildFile; fileRef = CDCB988C2C9DEA5C00DF9FD3 /* UserDefaultsWrapper.swift */; };
		CDCB98922C9DEAAA00DF9FD3 /* UserDefaultsList.swift in Sources */ = {isa = PBXBuildFile; fileRef = CDCB98912C9DEAAA00DF9FD3 /* UserDefaultsList.swift */; };
		CDCB98A52C9DEE3700DF9FD3 /* AuthInterceptor.swift in Sources */ = {isa = PBXBuildFile; fileRef = CDCB98A12C9DEE3700DF9FD3 /* AuthInterceptor.swift */; };
		CDCB98AD2C9DF14800DF9FD3 /* Alamofire in Frameworks */ = {isa = PBXBuildFile; productRef = CDCB98AC2C9DF14800DF9FD3 /* Alamofire */; };
		CDCD34B42CBFF6670068E4F7 /* ChatroomAPI.swift in Sources */ = {isa = PBXBuildFile; fileRef = CDCD34B32CBFF6670068E4F7 /* ChatroomAPI.swift */; };
		CDCD34B62CBFFDD00068E4F7 /* ChatRoomListDTO.swift in Sources */ = {isa = PBXBuildFile; fileRef = CDCD34B52CBFFDD00068E4F7 /* ChatRoomListDTO.swift */; };
		CDCD34B82CBFFE250068E4F7 /* CreateChatRoomDTO.swift in Sources */ = {isa = PBXBuildFile; fileRef = CDCD34B72CBFFE250068E4F7 /* CreateChatRoomDTO.swift */; };
		CDCD34BA2CBFFE540068E4F7 /* ChatViewModel.swift in Sources */ = {isa = PBXBuildFile; fileRef = CDCD34B92CBFFE540068E4F7 /* ChatViewModel.swift */; };
		CDCD34BC2CBFFE860068E4F7 /* ChatService.swift in Sources */ = {isa = PBXBuildFile; fileRef = CDCD34BB2CBFFE860068E4F7 /* ChatService.swift */; };
		CDCD34C92CC00AFE0068E4F7 /* Fonts.swift in Sources */ = {isa = PBXBuildFile; fileRef = CDCD34C82CC00AFE0068E4F7 /* Fonts.swift */; };
		CDCD34CA2CC00CAB0068E4F7 /* Pretendard-Black.otf in Resources */ = {isa = PBXBuildFile; fileRef = CDCD34C42CC00AE60068E4F7 /* Pretendard-Black.otf */; };
		CDCD34CB2CC00CAE0068E4F7 /* Pretendard-Bold.otf in Resources */ = {isa = PBXBuildFile; fileRef = CDCD34C02CC00AE60068E4F7 /* Pretendard-Bold.otf */; };
		CDCD34CC2CC00CB00068E4F7 /* Pretendard-ExtraBold.otf in Resources */ = {isa = PBXBuildFile; fileRef = CDCD34C22CC00AE60068E4F7 /* Pretendard-ExtraBold.otf */; };
		CDCD34CD2CC00CB10068E4F7 /* Pretendard-ExtraLight.otf in Resources */ = {isa = PBXBuildFile; fileRef = CDCD34C12CC00AE60068E4F7 /* Pretendard-ExtraLight.otf */; };
		CDCD34CE2CC00CB40068E4F7 /* Pretendard-Medium.otf in Resources */ = {isa = PBXBuildFile; fileRef = CDCD34C32CC00AE60068E4F7 /* Pretendard-Medium.otf */; };
		CDCD34CF2CC00CB60068E4F7 /* Pretendard-Light.otf in Resources */ = {isa = PBXBuildFile; fileRef = CDCD34C52CC00AE60068E4F7 /* Pretendard-Light.otf */; };
		CDCD34D02CC00CB70068E4F7 /* Pretendard-Regular.otf in Resources */ = {isa = PBXBuildFile; fileRef = CDCD34C62CC00AE60068E4F7 /* Pretendard-Regular.otf */; };
		CDCD34D12CC00CB90068E4F7 /* Pretendard-SemiBold.otf in Resources */ = {isa = PBXBuildFile; fileRef = CDCD34C72CC00AE60068E4F7 /* Pretendard-SemiBold.otf */; };
		CDCD34D22CC00CBB0068E4F7 /* Pretendard-Thin.otf in Resources */ = {isa = PBXBuildFile; fileRef = CDCD34BF2CC00AE60068E4F7 /* Pretendard-Thin.otf */; };
		CDD5CD152CA4794800208740 /* KakaoSDK in Frameworks */ = {isa = PBXBuildFile; productRef = CDD5CD142CA4794800208740 /* KakaoSDK */; };
		CDD5CD172CA4794800208740 /* KakaoSDKAuth in Frameworks */ = {isa = PBXBuildFile; productRef = CDD5CD162CA4794800208740 /* KakaoSDKAuth */; };
		CDD5CD192CA4794800208740 /* KakaoSDKCert in Frameworks */ = {isa = PBXBuildFile; productRef = CDD5CD182CA4794800208740 /* KakaoSDKCert */; };
		CDD5CD1B2CA4794800208740 /* KakaoSDKCertCore in Frameworks */ = {isa = PBXBuildFile; productRef = CDD5CD1A2CA4794800208740 /* KakaoSDKCertCore */; };
		CDD5CD1D2CA4794800208740 /* KakaoSDKCommon in Frameworks */ = {isa = PBXBuildFile; productRef = CDD5CD1C2CA4794800208740 /* KakaoSDKCommon */; };
		CDD5CD1F2CA4794800208740 /* KakaoSDKFriend in Frameworks */ = {isa = PBXBuildFile; productRef = CDD5CD1E2CA4794800208740 /* KakaoSDKFriend */; };
		CDD5CD212CA4794800208740 /* KakaoSDKFriendCore in Frameworks */ = {isa = PBXBuildFile; productRef = CDD5CD202CA4794800208740 /* KakaoSDKFriendCore */; };
		CDD5CD232CA4794800208740 /* KakaoSDKShare in Frameworks */ = {isa = PBXBuildFile; productRef = CDD5CD222CA4794800208740 /* KakaoSDKShare */; };
		CDD5CD252CA4794800208740 /* KakaoSDKUser in Frameworks */ = {isa = PBXBuildFile; productRef = CDD5CD242CA4794800208740 /* KakaoSDKUser */; };
		CDD5CD272CA4798F00208740 /* SceneDelegate.swift in Sources */ = {isa = PBXBuildFile; fileRef = CDD5CD262CA4798F00208740 /* SceneDelegate.swift */; };
		CDD5CD292CA479A200208740 /* AppDelegate.swift in Sources */ = {isa = PBXBuildFile; fileRef = CDD5CD282CA479A200208740 /* AppDelegate.swift */; };
		CDD5CD2C2CA47B0D00208740 /* AuthView.swift in Sources */ = {isa = PBXBuildFile; fileRef = CDD5CD2B2CA47B0D00208740 /* AuthView.swift */; };
		CDD5CD2E2CA47B1A00208740 /* AuthViewModel.swift in Sources */ = {isa = PBXBuildFile; fileRef = CDD5CD2D2CA47B1A00208740 /* AuthViewModel.swift */; };
		CDD5CD312CA47C0A00208740 /* AuthProvider.swift in Sources */ = {isa = PBXBuildFile; fileRef = CDD5CD302CA47C0A00208740 /* AuthProvider.swift */; };
		CDD5CD342CA4839B00208740 /* UserAPI.swift in Sources */ = {isa = PBXBuildFile; fileRef = CDD5CD332CA4839B00208740 /* UserAPI.swift */; };
		CDD5CD362CA483A900208740 /* UserService.swift in Sources */ = {isa = PBXBuildFile; fileRef = CDD5CD352CA483A900208740 /* UserService.swift */; };
		CDD5CD372CA4846D00208740 /* BaseAPI.swift in Sources */ = {isa = PBXBuildFile; fileRef = CDCB98B12C9DF1AE00DF9FD3 /* BaseAPI.swift */; };
		CDD5CD382CA4850F00208740 /* BaseService.swift in Sources */ = {isa = PBXBuildFile; fileRef = CDCB98B32C9DF1AE00DF9FD3 /* BaseService.swift */; };
		CDD5CD392CA4851200208740 /* NetworkLogger.swift in Sources */ = {isa = PBXBuildFile; fileRef = CDCB98B22C9DF1AE00DF9FD3 /* NetworkLogger.swift */; };
		CDD5CD3B2CA4859A00208740 /* OAuthRequestDTO.swift in Sources */ = {isa = PBXBuildFile; fileRef = CDD5CD3A2CA4859A00208740 /* OAuthRequestDTO.swift */; };
		CDD5CD3D2CA4864700208740 /* OAuthDTO.swift in Sources */ = {isa = PBXBuildFile; fileRef = CDD5CD3C2CA4864700208740 /* OAuthDTO.swift */; };
		CDD5CD3F2CA48AE400208740 /* Utils.swift in Sources */ = {isa = PBXBuildFile; fileRef = CDD5CD3E2CA48AE400208740 /* Utils.swift */; };
/* End PBXBuildFile section */

/* Begin PBXFileReference section */
		CDCB98552C9DE61200DF9FD3 /* GameLink-iOS.app */ = {isa = PBXFileReference; explicitFileType = wrapper.application; includeInIndex = 0; path = "GameLink-iOS.app"; sourceTree = BUILT_PRODUCTS_DIR; };
		CDCB98582C9DE61200DF9FD3 /* GameLink_iOSApp.swift */ = {isa = PBXFileReference; lastKnownFileType = sourcecode.swift; path = GameLink_iOSApp.swift; sourceTree = "<group>"; };
		CDCB985A2C9DE61200DF9FD3 /* ChattingListView.swift */ = {isa = PBXFileReference; lastKnownFileType = sourcecode.swift; path = ChattingListView.swift; sourceTree = "<group>"; };
		CDCB985C2C9DE61400DF9FD3 /* Assets.xcassets */ = {isa = PBXFileReference; lastKnownFileType = folder.assetcatalog; path = Assets.xcassets; sourceTree = "<group>"; };
		CDCB985E2C9DE61400DF9FD3 /* GameLink_iOS.entitlements */ = {isa = PBXFileReference; lastKnownFileType = text.plist.entitlements; path = GameLink_iOS.entitlements; sourceTree = "<group>"; };
		CDCB98602C9DE61400DF9FD3 /* Preview Assets.xcassets */ = {isa = PBXFileReference; lastKnownFileType = folder.assetcatalog; path = "Preview Assets.xcassets"; sourceTree = "<group>"; };
		CDCB98822C9DE98000DF9FD3 /* ErrorResponse.swift */ = {isa = PBXFileReference; lastKnownFileType = sourcecode.swift; path = ErrorResponse.swift; sourceTree = "<group>"; };
		CDCB98842C9DE98E00DF9FD3 /* NetworkError.swift */ = {isa = PBXFileReference; lastKnownFileType = sourcecode.swift; path = NetworkError.swift; sourceTree = "<group>"; };
		CDCB98862C9DE99900DF9FD3 /* NetworkResult.swift */ = {isa = PBXFileReference; lastKnownFileType = sourcecode.swift; path = NetworkResult.swift; sourceTree = "<group>"; };
		CDCB988A2C9DEA4A00DF9FD3 /* Config.swift */ = {isa = PBXFileReference; lastKnownFileType = sourcecode.swift; path = Config.swift; sourceTree = "<group>"; };
		CDCB988C2C9DEA5C00DF9FD3 /* UserDefaultsWrapper.swift */ = {isa = PBXFileReference; lastKnownFileType = sourcecode.swift; path = UserDefaultsWrapper.swift; sourceTree = "<group>"; };
		CDCB98912C9DEAAA00DF9FD3 /* UserDefaultsList.swift */ = {isa = PBXFileReference; lastKnownFileType = sourcecode.swift; path = UserDefaultsList.swift; sourceTree = "<group>"; };
		CDCB98A12C9DEE3700DF9FD3 /* AuthInterceptor.swift */ = {isa = PBXFileReference; fileEncoding = 4; lastKnownFileType = sourcecode.swift; path = AuthInterceptor.swift; sourceTree = "<group>"; };
		CDCB98A92C9DF0D500DF9FD3 /* Development.xcconfig */ = {isa = PBXFileReference; lastKnownFileType = text.xcconfig; path = Development.xcconfig; sourceTree = "<group>"; };
		CDCB98AA2C9DF11D00DF9FD3 /* Info.plist */ = {isa = PBXFileReference; lastKnownFileType = text.plist; path = Info.plist; sourceTree = "<group>"; };
		CDCB98B12C9DF1AE00DF9FD3 /* BaseAPI.swift */ = {isa = PBXFileReference; lastKnownFileType = sourcecode.swift; path = BaseAPI.swift; sourceTree = "<group>"; };
		CDCB98B22C9DF1AE00DF9FD3 /* NetworkLogger.swift */ = {isa = PBXFileReference; lastKnownFileType = sourcecode.swift; path = NetworkLogger.swift; sourceTree = "<group>"; };
		CDCB98B32C9DF1AE00DF9FD3 /* BaseService.swift */ = {isa = PBXFileReference; lastKnownFileType = sourcecode.swift; path = BaseService.swift; sourceTree = "<group>"; };
		CDCD34B32CBFF6670068E4F7 /* ChatroomAPI.swift */ = {isa = PBXFileReference; lastKnownFileType = sourcecode.swift; path = ChatroomAPI.swift; sourceTree = "<group>"; };
		CDCD34B52CBFFDD00068E4F7 /* ChatRoomListDTO.swift */ = {isa = PBXFileReference; lastKnownFileType = sourcecode.swift; path = ChatRoomListDTO.swift; sourceTree = "<group>"; };
		CDCD34B72CBFFE250068E4F7 /* CreateChatRoomDTO.swift */ = {isa = PBXFileReference; lastKnownFileType = sourcecode.swift; path = CreateChatRoomDTO.swift; sourceTree = "<group>"; };
		CDCD34B92CBFFE540068E4F7 /* ChatViewModel.swift */ = {isa = PBXFileReference; lastKnownFileType = sourcecode.swift; path = ChatViewModel.swift; sourceTree = "<group>"; };
		CDCD34BB2CBFFE860068E4F7 /* ChatService.swift */ = {isa = PBXFileReference; lastKnownFileType = sourcecode.swift; path = ChatService.swift; sourceTree = "<group>"; };
		CDCD34BF2CC00AE60068E4F7 /* Pretendard-Thin.otf */ = {isa = PBXFileReference; lastKnownFileType = file; path = "Pretendard-Thin.otf"; sourceTree = "<group>"; };
		CDCD34C02CC00AE60068E4F7 /* Pretendard-Bold.otf */ = {isa = PBXFileReference; lastKnownFileType = file; path = "Pretendard-Bold.otf"; sourceTree = "<group>"; };
		CDCD34C12CC00AE60068E4F7 /* Pretendard-ExtraLight.otf */ = {isa = PBXFileReference; lastKnownFileType = file; path = "Pretendard-ExtraLight.otf"; sourceTree = "<group>"; };
		CDCD34C22CC00AE60068E4F7 /* Pretendard-ExtraBold.otf */ = {isa = PBXFileReference; lastKnownFileType = file; path = "Pretendard-ExtraBold.otf"; sourceTree = "<group>"; };
		CDCD34C32CC00AE60068E4F7 /* Pretendard-Medium.otf */ = {isa = PBXFileReference; lastKnownFileType = file; path = "Pretendard-Medium.otf"; sourceTree = "<group>"; };
		CDCD34C42CC00AE60068E4F7 /* Pretendard-Black.otf */ = {isa = PBXFileReference; lastKnownFileType = file; path = "Pretendard-Black.otf"; sourceTree = "<group>"; };
		CDCD34C52CC00AE60068E4F7 /* Pretendard-Light.otf */ = {isa = PBXFileReference; lastKnownFileType = file; path = "Pretendard-Light.otf"; sourceTree = "<group>"; };
		CDCD34C62CC00AE60068E4F7 /* Pretendard-Regular.otf */ = {isa = PBXFileReference; lastKnownFileType = file; path = "Pretendard-Regular.otf"; sourceTree = "<group>"; };
		CDCD34C72CC00AE60068E4F7 /* Pretendard-SemiBold.otf */ = {isa = PBXFileReference; lastKnownFileType = file; path = "Pretendard-SemiBold.otf"; sourceTree = "<group>"; };
		CDCD34C82CC00AFE0068E4F7 /* Fonts.swift */ = {isa = PBXFileReference; lastKnownFileType = sourcecode.swift; path = Fonts.swift; sourceTree = "<group>"; };
		CDD5CD262CA4798F00208740 /* SceneDelegate.swift */ = {isa = PBXFileReference; lastKnownFileType = sourcecode.swift; path = SceneDelegate.swift; sourceTree = "<group>"; };
		CDD5CD282CA479A200208740 /* AppDelegate.swift */ = {isa = PBXFileReference; lastKnownFileType = sourcecode.swift; path = AppDelegate.swift; sourceTree = "<group>"; };
		CDD5CD2B2CA47B0D00208740 /* AuthView.swift */ = {isa = PBXFileReference; lastKnownFileType = sourcecode.swift; path = AuthView.swift; sourceTree = "<group>"; };
		CDD5CD2D2CA47B1A00208740 /* AuthViewModel.swift */ = {isa = PBXFileReference; lastKnownFileType = sourcecode.swift; path = AuthViewModel.swift; sourceTree = "<group>"; };
		CDD5CD302CA47C0A00208740 /* AuthProvider.swift */ = {isa = PBXFileReference; lastKnownFileType = sourcecode.swift; path = AuthProvider.swift; sourceTree = "<group>"; };
		CDD5CD332CA4839B00208740 /* UserAPI.swift */ = {isa = PBXFileReference; lastKnownFileType = sourcecode.swift; path = UserAPI.swift; sourceTree = "<group>"; };
		CDD5CD352CA483A900208740 /* UserService.swift */ = {isa = PBXFileReference; lastKnownFileType = sourcecode.swift; path = UserService.swift; sourceTree = "<group>"; };
		CDD5CD3A2CA4859A00208740 /* OAuthRequestDTO.swift */ = {isa = PBXFileReference; lastKnownFileType = sourcecode.swift; path = OAuthRequestDTO.swift; sourceTree = "<group>"; };
		CDD5CD3C2CA4864700208740 /* OAuthDTO.swift */ = {isa = PBXFileReference; lastKnownFileType = sourcecode.swift; path = OAuthDTO.swift; sourceTree = "<group>"; };
		CDD5CD3E2CA48AE400208740 /* Utils.swift */ = {isa = PBXFileReference; lastKnownFileType = sourcecode.swift; path = Utils.swift; sourceTree = "<group>"; };
/* End PBXFileReference section */

/* Begin PBXFrameworksBuildPhase section */
		CDCB98522C9DE61200DF9FD3 /* Frameworks */ = {
			isa = PBXFrameworksBuildPhase;
			buildActionMask = 2147483647;
			files = (
				CDD5CD1D2CA4794800208740 /* KakaoSDKCommon in Frameworks */,
				CDCB98AD2C9DF14800DF9FD3 /* Alamofire in Frameworks */,
				CDD5CD1F2CA4794800208740 /* KakaoSDKFriend in Frameworks */,
				CDD5CD152CA4794800208740 /* KakaoSDK in Frameworks */,
				CDCB98752C9DE8E700DF9FD3 /* Moya in Frameworks */,
				CDD5CD232CA4794800208740 /* KakaoSDKShare in Frameworks */,
				CDD5CD192CA4794800208740 /* KakaoSDKCert in Frameworks */,
				CDCB98732C9DE8E700DF9FD3 /* CombineMoya in Frameworks */,
				CDD5CD252CA4794800208740 /* KakaoSDKUser in Frameworks */,
				CDD5CD172CA4794800208740 /* KakaoSDKAuth in Frameworks */,
				CDD5CD212CA4794800208740 /* KakaoSDKFriendCore in Frameworks */,
				CDD5CD1B2CA4794800208740 /* KakaoSDKCertCore in Frameworks */,
			);
			runOnlyForDeploymentPostprocessing = 0;
		};
/* End PBXFrameworksBuildPhase section */

/* Begin PBXGroup section */
		CDCB984C2C9DE61200DF9FD3 = {
			isa = PBXGroup;
			children = (
				CDCB98572C9DE61200DF9FD3 /* GameLink-iOS */,
				CDCB98562C9DE61200DF9FD3 /* Products */,
			);
			sourceTree = "<group>";
		};
		CDCB98562C9DE61200DF9FD3 /* Products */ = {
			isa = PBXGroup;
			children = (
				CDCB98552C9DE61200DF9FD3 /* GameLink-iOS.app */,
			);
			name = Products;
			sourceTree = "<group>";
		};
		CDCB98572C9DE61200DF9FD3 /* GameLink-iOS */ = {
			isa = PBXGroup;
			children = (
				CDCD34BD2CC00AC10068E4F7 /* Resources */,
				CDCB98AA2C9DF11D00DF9FD3 /* Info.plist */,
				CDCB98892C9DEA4200DF9FD3 /* Utils */,
				CDCB986B2C9DE6FD00DF9FD3 /* DesignSystem */,
				CDCB986A2C9DE6F400DF9FD3 /* Networks */,
				CDCB98692C9DE6EC00DF9FD3 /* Data */,
				CDCB98682C9DE6E600DF9FD3 /* Domain */,
				CDCB98672C9DE6B700DF9FD3 /* Feature */,
				CDCB98582C9DE61200DF9FD3 /* GameLink_iOSApp.swift */,
				CDCB985E2C9DE61400DF9FD3 /* GameLink_iOS.entitlements */,
				CDCB985F2C9DE61400DF9FD3 /* Preview Content */,
				CDD5CD262CA4798F00208740 /* SceneDelegate.swift */,
				CDD5CD282CA479A200208740 /* AppDelegate.swift */,
			);
			path = "GameLink-iOS";
			sourceTree = "<group>";
		};
		CDCB985F2C9DE61400DF9FD3 /* Preview Content */ = {
			isa = PBXGroup;
			children = (
				CDCB98602C9DE61400DF9FD3 /* Preview Assets.xcassets */,
			);
			path = "Preview Content";
			sourceTree = "<group>";
		};
		CDCB98672C9DE6B700DF9FD3 /* Feature */ = {
			isa = PBXGroup;
			children = (
				CDCD34B22CBFF3DD0068E4F7 /* Chatting */,
				CDD5CD2A2CA47B0700208740 /* Auth */,
			);
			path = Feature;
			sourceTree = "<group>";
		};
		CDCB98682C9DE6E600DF9FD3 /* Domain */ = {
			isa = PBXGroup;
			children = (
			);
			path = Domain;
			sourceTree = "<group>";
		};
		CDCB98692C9DE6EC00DF9FD3 /* Data */ = {
			isa = PBXGroup;
			children = (
				CDCB98812C9DE96B00DF9FD3 /* Sources */,
			);
			path = Data;
			sourceTree = "<group>";
		};
		CDCB986A2C9DE6F400DF9FD3 /* Networks */ = {
			isa = PBXGroup;
			children = (
				CDCB98762C9DE8F600DF9FD3 /* Sources */,
			);
			path = Networks;
			sourceTree = "<group>";
		};
		CDCB986B2C9DE6FD00DF9FD3 /* DesignSystem */ = {
			isa = PBXGroup;
			children = (
			);
			path = DesignSystem;
			sourceTree = "<group>";
		};
		CDCB98762C9DE8F600DF9FD3 /* Sources */ = {
			isa = PBXGroup;
			children = (
				CDD5CD322CA4839300208740 /* API */,
				CDCB98B02C9DF1A900DF9FD3 /* Base */,
				CDCB98AF2C9DF19D00DF9FD3 /* Service */,
				CDCB98AE2C9DF18F00DF9FD3 /* Entity */,
			);
			path = Sources;
			sourceTree = "<group>";
		};
		CDCB98812C9DE96B00DF9FD3 /* Sources */ = {
			isa = PBXGroup;
			children = (
				CDD5CD2F2CA47BFD00208740 /* FeatureData */,
				CDCB98902C9DEAA200DF9FD3 /* Literals */,
				CDCB988E2C9DEA8E00DF9FD3 /* NetworkEntity */,
			);
			path = Sources;
			sourceTree = "<group>";
		};
		CDCB98892C9DEA4200DF9FD3 /* Utils */ = {
			isa = PBXGroup;
			children = (
				CDCD34AD2CBFF0A90068E4F7 /* Extension */,
				CDD5CD3E2CA48AE400208740 /* Utils.swift */,
				CDCB988A2C9DEA4A00DF9FD3 /* Config.swift */,
				CDCB988C2C9DEA5C00DF9FD3 /* UserDefaultsWrapper.swift */,
				CDCB98A92C9DF0D500DF9FD3 /* Development.xcconfig */,
				CDCD34C82CC00AFE0068E4F7 /* Fonts.swift */,
			);
			path = Utils;
			sourceTree = "<group>";
		};
		CDCB988E2C9DEA8E00DF9FD3 /* NetworkEntity */ = {
			isa = PBXGroup;
			children = (
				CDCB98822C9DE98000DF9FD3 /* ErrorResponse.swift */,
				CDCB98842C9DE98E00DF9FD3 /* NetworkError.swift */,
				CDCB98862C9DE99900DF9FD3 /* NetworkResult.swift */,
			);
			path = NetworkEntity;
			sourceTree = "<group>";
		};
		CDCB98902C9DEAA200DF9FD3 /* Literals */ = {
			isa = PBXGroup;
			children = (
				CDCB98912C9DEAAA00DF9FD3 /* UserDefaultsList.swift */,
			);
			path = Literals;
			sourceTree = "<group>";
		};
		CDCB98AE2C9DF18F00DF9FD3 /* Entity */ = {
			isa = PBXGroup;
			children = (
				CDD5CD3A2CA4859A00208740 /* OAuthRequestDTO.swift */,
				CDD5CD3C2CA4864700208740 /* OAuthDTO.swift */,
				CDCD34B52CBFFDD00068E4F7 /* ChatRoomListDTO.swift */,
				CDCD34B72CBFFE250068E4F7 /* CreateChatRoomDTO.swift */,
			);
			path = Entity;
			sourceTree = "<group>";
		};
		CDCB98AF2C9DF19D00DF9FD3 /* Service */ = {
			isa = PBXGroup;
			children = (
				CDD5CD352CA483A900208740 /* UserService.swift */,
				CDCD34BB2CBFFE860068E4F7 /* ChatService.swift */,
			);
			path = Service;
			sourceTree = "<group>";
		};
		CDCB98B02C9DF1A900DF9FD3 /* Base */ = {
			isa = PBXGroup;
			children = (
				CDCB98A12C9DEE3700DF9FD3 /* AuthInterceptor.swift */,
				CDCB98B12C9DF1AE00DF9FD3 /* BaseAPI.swift */,
				CDCB98B32C9DF1AE00DF9FD3 /* BaseService.swift */,
				CDCB98B22C9DF1AE00DF9FD3 /* NetworkLogger.swift */,
			);
			path = Base;
			sourceTree = "<group>";
		};
		CDCD34AD2CBFF0A90068E4F7 /* Extension */ = {
			isa = PBXGroup;
			children = (
			);
			path = Extension;
			sourceTree = "<group>";
		};
		CDCD34B22CBFF3DD0068E4F7 /* Chatting */ = {
			isa = PBXGroup;
			children = (
				CDCB985A2C9DE61200DF9FD3 /* ChattingListView.swift */,
				CDCD34B92CBFFE540068E4F7 /* ChatViewModel.swift */,
			);
			path = Chatting;
			sourceTree = "<group>";
		};
		CDCD34BD2CC00AC10068E4F7 /* Resources */ = {
			isa = PBXGroup;
			children = (
				CDCB985C2C9DE61400DF9FD3 /* Assets.xcassets */,
				CDCD34BE2CC00AD20068E4F7 /* Fonts */,
			);
			path = Resources;
			sourceTree = "<group>";
		};
		CDCD34BE2CC00AD20068E4F7 /* Fonts */ = {
			isa = PBXGroup;
			children = (
				CDCD34C42CC00AE60068E4F7 /* Pretendard-Black.otf */,
				CDCD34C02CC00AE60068E4F7 /* Pretendard-Bold.otf */,
				CDCD34C22CC00AE60068E4F7 /* Pretendard-ExtraBold.otf */,
				CDCD34C12CC00AE60068E4F7 /* Pretendard-ExtraLight.otf */,
				CDCD34C52CC00AE60068E4F7 /* Pretendard-Light.otf */,
				CDCD34C32CC00AE60068E4F7 /* Pretendard-Medium.otf */,
				CDCD34C62CC00AE60068E4F7 /* Pretendard-Regular.otf */,
				CDCD34C72CC00AE60068E4F7 /* Pretendard-SemiBold.otf */,
				CDCD34BF2CC00AE60068E4F7 /* Pretendard-Thin.otf */,
			);
			path = Fonts;
			sourceTree = "<group>";
		};
		CDD5CD2A2CA47B0700208740 /* Auth */ = {
			isa = PBXGroup;
			children = (
				CDD5CD2B2CA47B0D00208740 /* AuthView.swift */,
				CDD5CD2D2CA47B1A00208740 /* AuthViewModel.swift */,
			);
			path = Auth;
			sourceTree = "<group>";
		};
		CDD5CD2F2CA47BFD00208740 /* FeatureData */ = {
			isa = PBXGroup;
			children = (
				CDD5CD302CA47C0A00208740 /* AuthProvider.swift */,
			);
			path = FeatureData;
			sourceTree = "<group>";
		};
		CDD5CD322CA4839300208740 /* API */ = {
			isa = PBXGroup;
			children = (
				CDD5CD332CA4839B00208740 /* UserAPI.swift */,
				CDCD34B32CBFF6670068E4F7 /* ChatroomAPI.swift */,
			);
			path = API;
			sourceTree = "<group>";
		};
/* End PBXGroup section */

/* Begin PBXNativeTarget section */
		CDCB98542C9DE61200DF9FD3 /* GameLink-iOS */ = {
			isa = PBXNativeTarget;
			buildConfigurationList = CDCB98642C9DE61400DF9FD3 /* Build configuration list for PBXNativeTarget "GameLink-iOS" */;
			buildPhases = (
				CDCB98512C9DE61200DF9FD3 /* Sources */,
				CDCB98522C9DE61200DF9FD3 /* Frameworks */,
				CDCB98532C9DE61200DF9FD3 /* Resources */,
			);
			buildRules = (
			);
			dependencies = (
			);
			name = "GameLink-iOS";
			packageProductDependencies = (
				CDCB98722C9DE8E700DF9FD3 /* CombineMoya */,
				CDCB98742C9DE8E700DF9FD3 /* Moya */,
				CDCB98AC2C9DF14800DF9FD3 /* Alamofire */,
				CDD5CD142CA4794800208740 /* KakaoSDK */,
				CDD5CD162CA4794800208740 /* KakaoSDKAuth */,
				CDD5CD182CA4794800208740 /* KakaoSDKCert */,
				CDD5CD1A2CA4794800208740 /* KakaoSDKCertCore */,
				CDD5CD1C2CA4794800208740 /* KakaoSDKCommon */,
				CDD5CD1E2CA4794800208740 /* KakaoSDKFriend */,
				CDD5CD202CA4794800208740 /* KakaoSDKFriendCore */,
				CDD5CD222CA4794800208740 /* KakaoSDKShare */,
				CDD5CD242CA4794800208740 /* KakaoSDKUser */,
			);
			productName = "GameLink-iOS";
			productReference = CDCB98552C9DE61200DF9FD3 /* GameLink-iOS.app */;
			productType = "com.apple.product-type.application";
		};
/* End PBXNativeTarget section */

/* Begin PBXProject section */
		CDCB984D2C9DE61200DF9FD3 /* Project object */ = {
			isa = PBXProject;
			attributes = {
				BuildIndependentTargetsInParallel = 1;
				LastSwiftUpdateCheck = 1540;
				LastUpgradeCheck = 1540;
				TargetAttributes = {
					CDCB98542C9DE61200DF9FD3 = {
						CreatedOnToolsVersion = 15.4;
					};
				};
			};
			buildConfigurationList = CDCB98502C9DE61200DF9FD3 /* Build configuration list for PBXProject "GameLink-iOS" */;
			compatibilityVersion = "Xcode 14.0";
			developmentRegion = en;
			hasScannedForEncodings = 0;
			knownRegions = (
				en,
				Base,
			);
			mainGroup = CDCB984C2C9DE61200DF9FD3;
			packageReferences = (
				CDCB98712C9DE8E700DF9FD3 /* XCRemoteSwiftPackageReference "Moya" */,
				CDCB98AB2C9DF14800DF9FD3 /* XCRemoteSwiftPackageReference "Alamofire" */,
				CDD5CD132CA4794800208740 /* XCRemoteSwiftPackageReference "kakao-ios-sdk" */,
			);
			productRefGroup = CDCB98562C9DE61200DF9FD3 /* Products */;
			projectDirPath = "";
			projectRoot = "";
			targets = (
				CDCB98542C9DE61200DF9FD3 /* GameLink-iOS */,
			);
		};
/* End PBXProject section */

/* Begin PBXResourcesBuildPhase section */
		CDCB98532C9DE61200DF9FD3 /* Resources */ = {
			isa = PBXResourcesBuildPhase;
			buildActionMask = 2147483647;
			files = (
				CDCD34CE2CC00CB40068E4F7 /* Pretendard-Medium.otf in Resources */,
				CDCD34CF2CC00CB60068E4F7 /* Pretendard-Light.otf in Resources */,
				CDCD34CD2CC00CB10068E4F7 /* Pretendard-ExtraLight.otf in Resources */,
				CDCB98612C9DE61400DF9FD3 /* Preview Assets.xcassets in Resources */,
				CDCD34D02CC00CB70068E4F7 /* Pretendard-Regular.otf in Resources */,
				CDCD34CB2CC00CAE0068E4F7 /* Pretendard-Bold.otf in Resources */,
				CDCD34CC2CC00CB00068E4F7 /* Pretendard-ExtraBold.otf in Resources */,
				CDCD34D12CC00CB90068E4F7 /* Pretendard-SemiBold.otf in Resources */,
				CDCD34CA2CC00CAB0068E4F7 /* Pretendard-Black.otf in Resources */,
				CDCD34D22CC00CBB0068E4F7 /* Pretendard-Thin.otf in Resources */,
				CDCB985D2C9DE61400DF9FD3 /* Assets.xcassets in Resources */,
			);
			runOnlyForDeploymentPostprocessing = 0;
		};
/* End PBXResourcesBuildPhase section */

/* Begin PBXSourcesBuildPhase section */
		CDCB98512C9DE61200DF9FD3 /* Sources */ = {
			isa = PBXSourcesBuildPhase;
			buildActionMask = 2147483647;
			files = (
				CDCD34C92CC00AFE0068E4F7 /* Fonts.swift in Sources */,
				CDCD34BA2CBFFE540068E4F7 /* ChatViewModel.swift in Sources */,
				CDD5CD392CA4851200208740 /* NetworkLogger.swift in Sources */,
				CDD5CD292CA479A200208740 /* AppDelegate.swift in Sources */,
				CDCB98872C9DE99900DF9FD3 /* NetworkResult.swift in Sources */,
				CDCB98A52C9DEE3700DF9FD3 /* AuthInterceptor.swift in Sources */,
				CDD5CD372CA4846D00208740 /* BaseAPI.swift in Sources */,
				CDD5CD3B2CA4859A00208740 /* OAuthRequestDTO.swift in Sources */,
				CDD5CD2C2CA47B0D00208740 /* AuthView.swift in Sources */,
				CDD5CD342CA4839B00208740 /* UserAPI.swift in Sources */,
				CDCB985B2C9DE61200DF9FD3 /* ChattingListView.swift in Sources */,
				CDD5CD3D2CA4864700208740 /* OAuthDTO.swift in Sources */,
				CDCB988D2C9DEA5C00DF9FD3 /* UserDefaultsWrapper.swift in Sources */,
				CDCB988B2C9DEA4A00DF9FD3 /* Config.swift in Sources */,
				CDCB98922C9DEAAA00DF9FD3 /* UserDefaultsList.swift in Sources */,
				CDCD34BC2CBFFE860068E4F7 /* ChatService.swift in Sources */,
				CDD5CD272CA4798F00208740 /* SceneDelegate.swift in Sources */,
				CDD5CD3F2CA48AE400208740 /* Utils.swift in Sources */,
				CDD5CD382CA4850F00208740 /* BaseService.swift in Sources */,
				CDCD34B62CBFFDD00068E4F7 /* ChatRoomListDTO.swift in Sources */,
				CDD5CD2E2CA47B1A00208740 /* AuthViewModel.swift in Sources */,
				CDCB98592C9DE61200DF9FD3 /* GameLink_iOSApp.swift in Sources */,
				CDD5CD362CA483A900208740 /* UserService.swift in Sources */,
				CDCD34B42CBFF6670068E4F7 /* ChatroomAPI.swift in Sources */,
				CDD5CD312CA47C0A00208740 /* AuthProvider.swift in Sources */,
				CDCB98852C9DE98E00DF9FD3 /* NetworkError.swift in Sources */,
				CDCB98832C9DE98000DF9FD3 /* ErrorResponse.swift in Sources */,
				CDCD34B82CBFFE250068E4F7 /* CreateChatRoomDTO.swift in Sources */,
			);
			runOnlyForDeploymentPostprocessing = 0;
		};
/* End PBXSourcesBuildPhase section */

/* Begin XCBuildConfiguration section */
		CDCB98622C9DE61400DF9FD3 /* Debug */ = {
			isa = XCBuildConfiguration;
			baseConfigurationReference = CDCB98A92C9DF0D500DF9FD3 /* Development.xcconfig */;
			buildSettings = {
				ALWAYS_SEARCH_USER_PATHS = NO;
				ASSETCATALOG_COMPILER_GENERATE_SWIFT_ASSET_SYMBOL_EXTENSIONS = YES;
				CLANG_ANALYZER_NONNULL = YES;
				CLANG_ANALYZER_NUMBER_OBJECT_CONVERSION = YES_AGGRESSIVE;
				CLANG_CXX_LANGUAGE_STANDARD = "gnu++20";
				CLANG_ENABLE_MODULES = YES;
				CLANG_ENABLE_OBJC_ARC = YES;
				CLANG_ENABLE_OBJC_WEAK = YES;
				CLANG_WARN_BLOCK_CAPTURE_AUTORELEASING = YES;
				CLANG_WARN_BOOL_CONVERSION = YES;
				CLANG_WARN_COMMA = YES;
				CLANG_WARN_CONSTANT_CONVERSION = YES;
				CLANG_WARN_DEPRECATED_OBJC_IMPLEMENTATIONS = YES;
				CLANG_WARN_DIRECT_OBJC_ISA_USAGE = YES_ERROR;
				CLANG_WARN_DOCUMENTATION_COMMENTS = YES;
				CLANG_WARN_EMPTY_BODY = YES;
				CLANG_WARN_ENUM_CONVERSION = YES;
				CLANG_WARN_INFINITE_RECURSION = YES;
				CLANG_WARN_INT_CONVERSION = YES;
				CLANG_WARN_NON_LITERAL_NULL_CONVERSION = YES;
				CLANG_WARN_OBJC_IMPLICIT_RETAIN_SELF = YES;
				CLANG_WARN_OBJC_LITERAL_CONVERSION = YES;
				CLANG_WARN_OBJC_ROOT_CLASS = YES_ERROR;
				CLANG_WARN_QUOTED_INCLUDE_IN_FRAMEWORK_HEADER = YES;
				CLANG_WARN_RANGE_LOOP_ANALYSIS = YES;
				CLANG_WARN_STRICT_PROTOTYPES = YES;
				CLANG_WARN_SUSPICIOUS_MOVE = YES;
				CLANG_WARN_UNGUARDED_AVAILABILITY = YES_AGGRESSIVE;
				CLANG_WARN_UNREACHABLE_CODE = YES;
				CLANG_WARN__DUPLICATE_METHOD_MATCH = YES;
				COPY_PHASE_STRIP = NO;
				DEBUG_INFORMATION_FORMAT = dwarf;
				ENABLE_STRICT_OBJC_MSGSEND = YES;
				ENABLE_TESTABILITY = YES;
				ENABLE_USER_SCRIPT_SANDBOXING = YES;
				GCC_C_LANGUAGE_STANDARD = gnu17;
				GCC_DYNAMIC_NO_PIC = NO;
				GCC_NO_COMMON_BLOCKS = YES;
				GCC_OPTIMIZATION_LEVEL = 0;
				GCC_PREPROCESSOR_DEFINITIONS = (
					"DEBUG=1",
					"$(inherited)",
				);
				GCC_WARN_64_TO_32_BIT_CONVERSION = YES;
				GCC_WARN_ABOUT_RETURN_TYPE = YES_ERROR;
				GCC_WARN_UNDECLARED_SELECTOR = YES;
				GCC_WARN_UNINITIALIZED_AUTOS = YES_AGGRESSIVE;
				GCC_WARN_UNUSED_FUNCTION = YES;
				GCC_WARN_UNUSED_VARIABLE = YES;
				LOCALIZATION_PREFERS_STRING_CATALOGS = YES;
				MTL_ENABLE_DEBUG_INFO = INCLUDE_SOURCE;
				MTL_FAST_MATH = YES;
				ONLY_ACTIVE_ARCH = YES;
				SWIFT_ACTIVE_COMPILATION_CONDITIONS = "DEBUG $(inherited)";
				SWIFT_OPTIMIZATION_LEVEL = "-Onone";
			};
			name = Debug;
		};
		CDCB98632C9DE61400DF9FD3 /* Release */ = {
			isa = XCBuildConfiguration;
			baseConfigurationReference = CDCB98A92C9DF0D500DF9FD3 /* Development.xcconfig */;
			buildSettings = {
				ALWAYS_SEARCH_USER_PATHS = NO;
				ASSETCATALOG_COMPILER_GENERATE_SWIFT_ASSET_SYMBOL_EXTENSIONS = YES;
				CLANG_ANALYZER_NONNULL = YES;
				CLANG_ANALYZER_NUMBER_OBJECT_CONVERSION = YES_AGGRESSIVE;
				CLANG_CXX_LANGUAGE_STANDARD = "gnu++20";
				CLANG_ENABLE_MODULES = YES;
				CLANG_ENABLE_OBJC_ARC = YES;
				CLANG_ENABLE_OBJC_WEAK = YES;
				CLANG_WARN_BLOCK_CAPTURE_AUTORELEASING = YES;
				CLANG_WARN_BOOL_CONVERSION = YES;
				CLANG_WARN_COMMA = YES;
				CLANG_WARN_CONSTANT_CONVERSION = YES;
				CLANG_WARN_DEPRECATED_OBJC_IMPLEMENTATIONS = YES;
				CLANG_WARN_DIRECT_OBJC_ISA_USAGE = YES_ERROR;
				CLANG_WARN_DOCUMENTATION_COMMENTS = YES;
				CLANG_WARN_EMPTY_BODY = YES;
				CLANG_WARN_ENUM_CONVERSION = YES;
				CLANG_WARN_INFINITE_RECURSION = YES;
				CLANG_WARN_INT_CONVERSION = YES;
				CLANG_WARN_NON_LITERAL_NULL_CONVERSION = YES;
				CLANG_WARN_OBJC_IMPLICIT_RETAIN_SELF = YES;
				CLANG_WARN_OBJC_LITERAL_CONVERSION = YES;
				CLANG_WARN_OBJC_ROOT_CLASS = YES_ERROR;
				CLANG_WARN_QUOTED_INCLUDE_IN_FRAMEWORK_HEADER = YES;
				CLANG_WARN_RANGE_LOOP_ANALYSIS = YES;
				CLANG_WARN_STRICT_PROTOTYPES = YES;
				CLANG_WARN_SUSPICIOUS_MOVE = YES;
				CLANG_WARN_UNGUARDED_AVAILABILITY = YES_AGGRESSIVE;
				CLANG_WARN_UNREACHABLE_CODE = YES;
				CLANG_WARN__DUPLICATE_METHOD_MATCH = YES;
				COPY_PHASE_STRIP = NO;
				DEBUG_INFORMATION_FORMAT = "dwarf-with-dsym";
				ENABLE_NS_ASSERTIONS = NO;
				ENABLE_STRICT_OBJC_MSGSEND = YES;
				ENABLE_USER_SCRIPT_SANDBOXING = YES;
				GCC_C_LANGUAGE_STANDARD = gnu17;
				GCC_NO_COMMON_BLOCKS = YES;
				GCC_WARN_64_TO_32_BIT_CONVERSION = YES;
				GCC_WARN_ABOUT_RETURN_TYPE = YES_ERROR;
				GCC_WARN_UNDECLARED_SELECTOR = YES;
				GCC_WARN_UNINITIALIZED_AUTOS = YES_AGGRESSIVE;
				GCC_WARN_UNUSED_FUNCTION = YES;
				GCC_WARN_UNUSED_VARIABLE = YES;
				LOCALIZATION_PREFERS_STRING_CATALOGS = YES;
				MTL_ENABLE_DEBUG_INFO = NO;
				MTL_FAST_MATH = YES;
				SWIFT_COMPILATION_MODE = wholemodule;
			};
			name = Release;
		};
		CDCB98652C9DE61400DF9FD3 /* Debug */ = {
			isa = XCBuildConfiguration;
			baseConfigurationReference = CDCB98A92C9DF0D500DF9FD3 /* Development.xcconfig */;
			buildSettings = {
				ASSETCATALOG_COMPILER_APPICON_NAME = AppIcon;
				ASSETCATALOG_COMPILER_GLOBAL_ACCENT_COLOR_NAME = AccentColor;
				CODE_SIGN_ENTITLEMENTS = "GameLink-iOS/GameLink_iOS.entitlements";
				CODE_SIGN_STYLE = Automatic;
				CURRENT_PROJECT_VERSION = 1;
				DEVELOPMENT_ASSET_PATHS = "\"GameLink-iOS/Preview Content\"";
				DEVELOPMENT_TEAM = N8RU5UJH68;
				ENABLE_HARDENED_RUNTIME = YES;
				ENABLE_PREVIEWS = YES;
				GENERATE_INFOPLIST_FILE = YES;
				INFOPLIST_FILE = "GameLink-iOS/Info.plist";
				"INFOPLIST_KEY_UIApplicationSceneManifest_Generation[sdk=iphoneos*]" = YES;
				"INFOPLIST_KEY_UIApplicationSceneManifest_Generation[sdk=iphonesimulator*]" = YES;
				"INFOPLIST_KEY_UIApplicationSupportsIndirectInputEvents[sdk=iphoneos*]" = YES;
				"INFOPLIST_KEY_UIApplicationSupportsIndirectInputEvents[sdk=iphonesimulator*]" = YES;
				"INFOPLIST_KEY_UILaunchScreen_Generation[sdk=iphoneos*]" = YES;
				"INFOPLIST_KEY_UILaunchScreen_Generation[sdk=iphonesimulator*]" = YES;
				"INFOPLIST_KEY_UIStatusBarStyle[sdk=iphoneos*]" = UIStatusBarStyleDefault;
				"INFOPLIST_KEY_UIStatusBarStyle[sdk=iphonesimulator*]" = UIStatusBarStyleDefault;
				INFOPLIST_KEY_UISupportedInterfaceOrientations_iPad = "UIInterfaceOrientationPortrait UIInterfaceOrientationPortraitUpsideDown UIInterfaceOrientationLandscapeLeft UIInterfaceOrientationLandscapeRight";
				INFOPLIST_KEY_UISupportedInterfaceOrientations_iPhone = "UIInterfaceOrientationPortrait UIInterfaceOrientationLandscapeLeft UIInterfaceOrientationLandscapeRight";
				IPHONEOS_DEPLOYMENT_TARGET = 17.5;
				LD_RUNPATH_SEARCH_PATHS = "@executable_path/Frameworks";
				"LD_RUNPATH_SEARCH_PATHS[sdk=macosx*]" = "@executable_path/../Frameworks";
				MACOSX_DEPLOYMENT_TARGET = 14.5;
				MARKETING_VERSION = 1.0;
				PRODUCT_BUNDLE_IDENTIFIER = com.gamelink;
				PRODUCT_NAME = "$(TARGET_NAME)";
				SDKROOT = auto;
				SUPPORTED_PLATFORMS = "iphoneos iphonesimulator macosx";
				SWIFT_EMIT_LOC_STRINGS = YES;
				SWIFT_VERSION = 5.0;
				TARGETED_DEVICE_FAMILY = "1,2";
			};
			name = Debug;
		};
		CDCB98662C9DE61400DF9FD3 /* Release */ = {
			isa = XCBuildConfiguration;
			baseConfigurationReference = CDCB98A92C9DF0D500DF9FD3 /* Development.xcconfig */;
			buildSettings = {
				ASSETCATALOG_COMPILER_APPICON_NAME = AppIcon;
				ASSETCATALOG_COMPILER_GLOBAL_ACCENT_COLOR_NAME = AccentColor;
				CODE_SIGN_ENTITLEMENTS = "GameLink-iOS/GameLink_iOS.entitlements";
				CODE_SIGN_STYLE = Automatic;
				CURRENT_PROJECT_VERSION = 1;
				DEVELOPMENT_ASSET_PATHS = "\"GameLink-iOS/Preview Content\"";
				DEVELOPMENT_TEAM = N8RU5UJH68;
				ENABLE_HARDENED_RUNTIME = YES;
				ENABLE_PREVIEWS = YES;
				GENERATE_INFOPLIST_FILE = YES;
				INFOPLIST_FILE = "GameLink-iOS/Info.plist";
				"INFOPLIST_KEY_UIApplicationSceneManifest_Generation[sdk=iphoneos*]" = YES;
				"INFOPLIST_KEY_UIApplicationSceneManifest_Generation[sdk=iphonesimulator*]" = YES;
				"INFOPLIST_KEY_UIApplicationSupportsIndirectInputEvents[sdk=iphoneos*]" = YES;
				"INFOPLIST_KEY_UIApplicationSupportsIndirectInputEvents[sdk=iphonesimulator*]" = YES;
				"INFOPLIST_KEY_UILaunchScreen_Generation[sdk=iphoneos*]" = YES;
				"INFOPLIST_KEY_UILaunchScreen_Generation[sdk=iphonesimulator*]" = YES;
				"INFOPLIST_KEY_UIStatusBarStyle[sdk=iphoneos*]" = UIStatusBarStyleDefault;
				"INFOPLIST_KEY_UIStatusBarStyle[sdk=iphonesimulator*]" = UIStatusBarStyleDefault;
				INFOPLIST_KEY_UISupportedInterfaceOrientations_iPad = "UIInterfaceOrientationPortrait UIInterfaceOrientationPortraitUpsideDown UIInterfaceOrientationLandscapeLeft UIInterfaceOrientationLandscapeRight";
				INFOPLIST_KEY_UISupportedInterfaceOrientations_iPhone = "UIInterfaceOrientationPortrait UIInterfaceOrientationLandscapeLeft UIInterfaceOrientationLandscapeRight";
				IPHONEOS_DEPLOYMENT_TARGET = 17.5;
				LD_RUNPATH_SEARCH_PATHS = "@executable_path/Frameworks";
				"LD_RUNPATH_SEARCH_PATHS[sdk=macosx*]" = "@executable_path/../Frameworks";
				MACOSX_DEPLOYMENT_TARGET = 14.5;
				MARKETING_VERSION = 1.0;
				PRODUCT_BUNDLE_IDENTIFIER = com.gamelink;
				PRODUCT_NAME = "$(TARGET_NAME)";
				SDKROOT = auto;
				SUPPORTED_PLATFORMS = "iphoneos iphonesimulator macosx";
				SWIFT_EMIT_LOC_STRINGS = YES;
				SWIFT_VERSION = 5.0;
				TARGETED_DEVICE_FAMILY = "1,2";
			};
			name = Release;
		};
/* End XCBuildConfiguration section */

/* Begin XCConfigurationList section */
		CDCB98502C9DE61200DF9FD3 /* Build configuration list for PBXProject "GameLink-iOS" */ = {
			isa = XCConfigurationList;
			buildConfigurations = (
				CDCB98622C9DE61400DF9FD3 /* Debug */,
				CDCB98632C9DE61400DF9FD3 /* Release */,
			);
			defaultConfigurationIsVisible = 0;
			defaultConfigurationName = Release;
		};
		CDCB98642C9DE61400DF9FD3 /* Build configuration list for PBXNativeTarget "GameLink-iOS" */ = {
			isa = XCConfigurationList;
			buildConfigurations = (
				CDCB98652C9DE61400DF9FD3 /* Debug */,
				CDCB98662C9DE61400DF9FD3 /* Release */,
			);
			defaultConfigurationIsVisible = 0;
			defaultConfigurationName = Release;
		};
/* End XCConfigurationList section */

/* Begin XCRemoteSwiftPackageReference section */
		CDCB98712C9DE8E700DF9FD3 /* XCRemoteSwiftPackageReference "Moya" */ = {
			isa = XCRemoteSwiftPackageReference;
			repositoryURL = "https://github.com/Moya/Moya";
			requirement = {
				kind = upToNextMajorVersion;
				minimumVersion = 15.0.3;
			};
		};
		CDCB98AB2C9DF14800DF9FD3 /* XCRemoteSwiftPackageReference "Alamofire" */ = {
			isa = XCRemoteSwiftPackageReference;
			repositoryURL = "https://github.com/Alamofire/Alamofire";
			requirement = {
				kind = upToNextMajorVersion;
				minimumVersion = 5.9.1;
			};
		};
		CDD5CD132CA4794800208740 /* XCRemoteSwiftPackageReference "kakao-ios-sdk" */ = {
			isa = XCRemoteSwiftPackageReference;
			repositoryURL = "https://github.com/kakao/kakao-ios-sdk";
			requirement = {
				kind = upToNextMajorVersion;
				minimumVersion = 2.22.7;
			};
		};
/* End XCRemoteSwiftPackageReference section */

/* Begin XCSwiftPackageProductDependency section */
		CDCB98722C9DE8E700DF9FD3 /* CombineMoya */ = {
			isa = XCSwiftPackageProductDependency;
			package = CDCB98712C9DE8E700DF9FD3 /* XCRemoteSwiftPackageReference "Moya" */;
			productName = CombineMoya;
		};
		CDCB98742C9DE8E700DF9FD3 /* Moya */ = {
			isa = XCSwiftPackageProductDependency;
			package = CDCB98712C9DE8E700DF9FD3 /* XCRemoteSwiftPackageReference "Moya" */;
			productName = Moya;
		};
		CDCB98AC2C9DF14800DF9FD3 /* Alamofire */ = {
			isa = XCSwiftPackageProductDependency;
			package = CDCB98AB2C9DF14800DF9FD3 /* XCRemoteSwiftPackageReference "Alamofire" */;
			productName = Alamofire;
		};
		CDD5CD142CA4794800208740 /* KakaoSDK */ = {
			isa = XCSwiftPackageProductDependency;
			package = CDD5CD132CA4794800208740 /* XCRemoteSwiftPackageReference "kakao-ios-sdk" */;
			productName = KakaoSDK;
		};
		CDD5CD162CA4794800208740 /* KakaoSDKAuth */ = {
			isa = XCSwiftPackageProductDependency;
			package = CDD5CD132CA4794800208740 /* XCRemoteSwiftPackageReference "kakao-ios-sdk" */;
			productName = KakaoSDKAuth;
		};
		CDD5CD182CA4794800208740 /* KakaoSDKCert */ = {
			isa = XCSwiftPackageProductDependency;
			package = CDD5CD132CA4794800208740 /* XCRemoteSwiftPackageReference "kakao-ios-sdk" */;
			productName = KakaoSDKCert;
		};
		CDD5CD1A2CA4794800208740 /* KakaoSDKCertCore */ = {
			isa = XCSwiftPackageProductDependency;
			package = CDD5CD132CA4794800208740 /* XCRemoteSwiftPackageReference "kakao-ios-sdk" */;
			productName = KakaoSDKCertCore;
		};
		CDD5CD1C2CA4794800208740 /* KakaoSDKCommon */ = {
			isa = XCSwiftPackageProductDependency;
			package = CDD5CD132CA4794800208740 /* XCRemoteSwiftPackageReference "kakao-ios-sdk" */;
			productName = KakaoSDKCommon;
		};
		CDD5CD1E2CA4794800208740 /* KakaoSDKFriend */ = {
			isa = XCSwiftPackageProductDependency;
			package = CDD5CD132CA4794800208740 /* XCRemoteSwiftPackageReference "kakao-ios-sdk" */;
			productName = KakaoSDKFriend;
		};
		CDD5CD202CA4794800208740 /* KakaoSDKFriendCore */ = {
			isa = XCSwiftPackageProductDependency;
			package = CDD5CD132CA4794800208740 /* XCRemoteSwiftPackageReference "kakao-ios-sdk" */;
			productName = KakaoSDKFriendCore;
		};
		CDD5CD222CA4794800208740 /* KakaoSDKShare */ = {
			isa = XCSwiftPackageProductDependency;
			package = CDD5CD132CA4794800208740 /* XCRemoteSwiftPackageReference "kakao-ios-sdk" */;
			productName = KakaoSDKShare;
		};
		CDD5CD242CA4794800208740 /* KakaoSDKUser */ = {
			isa = XCSwiftPackageProductDependency;
			package = CDD5CD132CA4794800208740 /* XCRemoteSwiftPackageReference "kakao-ios-sdk" */;
			productName = KakaoSDKUser;
		};
/* End XCSwiftPackageProductDependency section */
	};
	rootObject = CDCB984D2C9DE61200DF9FD3 /* Project object */;
}
